
Microsoft Visual Studio Solution File, Format Version 12.00
# Visual Studio Version 17
VisualStudioVersion = 17.13.35825.156 d17.13
MinimumVisualStudioVersion = 10.0.40219.1
Project("{8BC9CEB8-8B4A-11D0-8D11-00A0C91BC942}") = "ECE_2305_Programming_Project_05", "ECE_2305_Programming_Project_05.vcxproj", "{30F4C11C-C378-4F82-95E6-318AE07BC45C}"
EndProject
Global
	GlobalSection(SolutionConfigurationPlatforms) = preSolution
		Debug|x64 = Debug|x64
		Debug|x86 = Debug|x86
		Release|x64 = Release|x64
		Release|x86 = Release|x86
	EndGlobalSection
	GlobalSection(ProjectConfigurationPlatforms) = postSolution
		{30F4C11C-C378-4F82-95E6-318AE07BC45C}.Debug|x64.ActiveCfg = Debug|x64
		{30F4C11C-C378-4F82-95E6-318AE07BC45C}.Debug|x64.Build.0 = Debug|x64
		{30F4C11C-C378-4F82-95E6-318AE07BC45C}.Debug|x86.ActiveCfg = Debug|Win32
		{30F4C11C-C378-4F82-95E6-318AE07BC45C}.Debug|x86.Build.0 = Debug|Win32
		{30F4C11C-C378-4F82-95E6-318AE07BC45C}.Release|x64.ActiveCfg = Release|x64
		{30F4C11C-C378-4F82-95E6-318AE07BC45C}.Release|x64.Build.0 = Release|x64
		{30F4C11C-C378-4F82-95E6-318AE07BC45C}.Release|x86.ActiveCfg = Release|Win32
		{30F4C11C-C378-4F82-95E6-318AE07BC45C}.Release|x86.Build.0 = Release|Win32
	EndGlobalSection
	GlobalSection(SolutionProperties) = preSolution
		HideSolutionNode = FALSE
	EndGlobalSection
	GlobalSection(ExtensibilityGlobals) = postSolution
		SolutionGuid = {630AE2DB-13FA-4482-A406-37D5D0D288A7}
	EndGlobalSection
EndGlobal
