
Microsoft Visual Studio Solution File, Format Version 12.00
# Visual Studio Version 17
VisualStudioVersion = 17.13.35919.96 d17.13
MinimumVisualStudioVersion = 10.0.40219.1
Project("{8BC9CEB8-8B4A-11D0-8D11-00A0C91BC942}") = "ECE_2305_Programming_Project_09", "ECE_2305_Programming_Project_09.vcxproj", "{60AA7C2D-FD39-4EB6-ABC5-CD4D13989C37}"
EndProject
Global
	GlobalSection(SolutionConfigurationPlatforms) = preSolution
		Debug|x64 = Debug|x64
		Debug|x86 = Debug|x86
		Release|x64 = Release|x64
		Release|x86 = Release|x86
	EndGlobalSection
	GlobalSection(ProjectConfigurationPlatforms) = postSolution
		{60AA7C2D-FD39-4EB6-ABC5-CD4D13989C37}.Debug|x64.ActiveCfg = Debug|x64
		{60AA7C2D-FD39-4EB6-ABC5-CD4D13989C37}.Debug|x64.Build.0 = Debug|x64
		{60AA7C2D-FD39-4EB6-ABC5-CD4D13989C37}.Debug|x86.ActiveCfg = Debug|Win32
		{60AA7C2D-FD39-4EB6-ABC5-CD4D13989C37}.Debug|x86.Build.0 = Debug|Win32
		{60AA7C2D-FD39-4EB6-ABC5-CD4D13989C37}.Release|x64.ActiveCfg = Release|x64
		{60AA7C2D-FD39-4EB6-ABC5-CD4D13989C37}.Release|x64.Build.0 = Release|x64
		{60AA7C2D-FD39-4EB6-ABC5-CD4D13989C37}.Release|x86.ActiveCfg = Release|Win32
		{60AA7C2D-FD39-4EB6-ABC5-CD4D13989C37}.Release|x86.Build.0 = Release|Win32
	EndGlobalSection
	GlobalSection(SolutionProperties) = preSolution
		HideSolutionNode = FALSE
	EndGlobalSection
	GlobalSection(ExtensibilityGlobals) = postSolution
		SolutionGuid = {93EF44AC-6AC3-4230-A2E5-D1BB7F619237}
	EndGlobalSection
EndGlobal
